
Microsoft Visual Studio Solution File, Format Version 12.00
Project("{FAE04EC0-301F-11D3-BF4B-00C04F79EFBC}") = "WebApp", "App\WebApp\WebApp.csproj", "{2F439A1C-E007-4B07-8861-F677C0D36E6D}"
EndProject
Project("{2150E333-8FDC-42A3-9474-1A3956D46DE8}") = "App", "App", "{D639058D-760E-401F-A1F6-2FEFC0774250}"
EndProject
Project("{FAE04EC0-301F-11D3-BF4B-00C04F79EFBC}") = "App.DAL", "App\App.DAL\App.DAL.csproj", "{4FEE9F2A-0AD1-4C60-8963-31343C839A0A}"
EndProject
Project("{FAE04EC0-301F-11D3-BF4B-00C04F79EFBC}") = "App.Domain", "App\App.Domain\App.Domain.csproj", "{B1AD0CF8-E5ED-4FEC-997E-D12A59A3C03D}"
EndProject
Project("{2150E333-8FDC-42A3-9474-1A3956D46DE8}") = "Base", "Base", "{749216F2-8BBB-4CD0-8012-C9AD08004824}"
EndProject
Project("{2150E333-8FDC-42A3-9474-1A3956D46DE8}") = "Base.Contracts", "Base\Base.Contracts", "{E431FE88-6A6B-42B3-BF4B-FFD4BC9BCC71}"
EndProject
Project("{FAE04EC0-301F-11D3-BF4B-00C04F79EFBC}") = "Base.Domain", "Base\Base.Domain\Base.Domain.csproj", "{836FF1F1-9125-4275-A581-745B9890415A}"
EndProject
Project("{FAE04EC0-301F-11D3-BF4B-00C04F79EFBC}") = "Base.Contracts.Domain", "Base\Base.Contracts.Domain\Base.Contracts.Domain.csproj", "{5BBBC645-47DC-428A-8949-9EDB5C67530F}"
EndProject
Project("{FAE04EC0-301F-11D3-BF4B-00C04F79EFBC}") = "App.Resources", "App\App.Resources\App.Resources.csproj", "{BFB7BD01-9D11-4D1E-8417-A054F7D51230}"
EndProject
Project("{FAE04EC0-301F-11D3-BF4B-00C04F79EFBC}") = "Base.Webapp.Helpers", "Base\Base.Webapp.Helpers\Base.Webapp.Helpers.csproj", "{2A6FEE9D-27A9-4E4F-BA38-BC673A0F8A7B}"
EndProject
Project("{FAE04EC0-301F-11D3-BF4B-00C04F79EFBC}") = "Base.DAL.EF", "Base\Base.DAL.EF\Base.DAL.EF.csproj", "{DCCC0F3E-5A21-49FB-8FCC-8C21540131C8}"
EndProject
Project("{FAE04EC0-301F-11D3-BF4B-00C04F79EFBC}") = "Base.Contracts.DAL", "Base\Base.Contracts.DAL\Base.Contracts.DAL.csproj", "{072373EB-7449-47F2-8D5A-FE717C012B0D}"
EndProject
Project("{2150E333-8FDC-42A3-9474-1A3956D46DE8}") = "App.Contracts", "App\App.Contracts", "{2A87A656-7E1C-46B7-9413-FBB69216EEA6}"
EndProject
Project("{FAE04EC0-301F-11D3-BF4B-00C04F79EFBC}") = "App.Contracts.DAL", "App\App.Contracts.DAL\App.Contracts.DAL.csproj", "{12B81E92-AE99-4815-BC33-8AE5AEE70734}"
EndProject
Project("{FAE04EC0-301F-11D3-BF4B-00C04F79EFBC}") = "Base.Resources", "Base\Base.Resources\Base.Resources.csproj", "{3829FD86-CE97-43F7-B64E-3EFBF51E6B6E}"
EndProject
Project("{FAE04EC0-301F-11D3-BF4B-00C04F79EFBC}") = "Base.Extensions", "Base\Base.Extensions\Base.Extensions.csproj", "{B7C933C1-CBCD-4217-B1A4-7B44A58E55B6}"
EndProject
Project("{FAE04EC0-301F-11D3-BF4B-00C04F79EFBC}") = "Base.Contracts", "Base\Base.Contracts\Base.Contracts.csproj", "{1FE645D9-594A-423B-B05D-B6596AE672A0}"
EndProject
Project("{FAE04EC0-301F-11D3-BF4B-00C04F79EFBC}") = "Base.Contracts.BLL", "Base\Base.Contracts.BLL\Base.Contracts.BLL.csproj", "{72BC3BC7-865D-4EFF-86D2-CD11F41EF3AF}"
EndProject
Project("{FAE04EC0-301F-11D3-BF4B-00C04F79EFBC}") = "Base.BLL", "Base\Base.BLL\Base.BLL.csproj", "{2976C44C-7BB3-47D7-B924-DB53976ACEA1}"
EndProject
Project("{FAE04EC0-301F-11D3-BF4B-00C04F79EFBC}") = "App.Contracts.BLL", "App\App.Contracts.BLL\App.Contracts.BLL.csproj", "{FFF32140-3C97-4F31-B6EF-6666025A5EC4}"
EndProject
Project("{FAE04EC0-301F-11D3-BF4B-00C04F79EFBC}") = "App.BLL", "App\App.BLL\App.BLL.csproj", "{C99B8C63-7925-4F3B-8D34-B6A0582C2FD0}"
EndProject
Project("{FAE04EC0-301F-11D3-BF4B-00C04F79EFBC}") = "App.DAL.DTO", "App\App.DAL.DTO\App.DAL.DTO.csproj", "{7A8DABB5-878B-4457-915F-BAC0CB8DD5E9}"
EndProject
Project("{FAE04EC0-301F-11D3-BF4B-00C04F79EFBC}") = "Base.DAL", "Base\Base.DAL\Base.DAL.csproj", "{F6371566-ECE8-4A56-B560-2C0676936675}"
EndProject
Project("{FAE04EC0-301F-11D3-BF4B-00C04F79EFBC}") = "App.BLL.DTO", "App\App.BLL.DTO\App.BLL.DTO.csproj", "{0632F957-711D-4471-8A0E-6B23078C3053}"
EndProject
Project("{FAE04EC0-301F-11D3-BF4B-00C04F79EFBC}") = "App.Public.DTO", "App\App.Public.DTO\App.Public.DTO.csproj", "{4848F99C-2EB3-4CD0-91DA-2BA450A3D3AE}"
EndProject
Project("{FAE04EC0-301F-11D3-BF4B-00C04F79EFBC}") = "Webapp.Tests", "App\Webapp.Tests\Webapp.Tests.csproj", "{1B14B1CB-F564-46BC-B674-78DD037A7DE0}"
EndProject
Global
	GlobalSection(SolutionConfigurationPlatforms) = preSolution
		Debug|Any CPU = Debug|Any CPU
		Release|Any CPU = Release|Any CPU
	EndGlobalSection
	GlobalSection(ProjectConfigurationPlatforms) = postSolution
		{2F439A1C-E007-4B07-8861-F677C0D36E6D}.Debug|Any CPU.ActiveCfg = Debug|Any CPU
		{2F439A1C-E007-4B07-8861-F677C0D36E6D}.Debug|Any CPU.Build.0 = Debug|Any CPU
		{2F439A1C-E007-4B07-8861-F677C0D36E6D}.Release|Any CPU.ActiveCfg = Release|Any CPU
		{2F439A1C-E007-4B07-8861-F677C0D36E6D}.Release|Any CPU.Build.0 = Release|Any CPU
		{4FEE9F2A-0AD1-4C60-8963-31343C839A0A}.Debug|Any CPU.ActiveCfg = Debug|Any CPU
		{4FEE9F2A-0AD1-4C60-8963-31343C839A0A}.Debug|Any CPU.Build.0 = Debug|Any CPU
		{4FEE9F2A-0AD1-4C60-8963-31343C839A0A}.Release|Any CPU.ActiveCfg = Release|Any CPU
		{4FEE9F2A-0AD1-4C60-8963-31343C839A0A}.Release|Any CPU.Build.0 = Release|Any CPU
		{B1AD0CF8-E5ED-4FEC-997E-D12A59A3C03D}.Debug|Any CPU.ActiveCfg = Debug|Any CPU
		{B1AD0CF8-E5ED-4FEC-997E-D12A59A3C03D}.Debug|Any CPU.Build.0 = Debug|Any CPU
		{B1AD0CF8-E5ED-4FEC-997E-D12A59A3C03D}.Release|Any CPU.ActiveCfg = Release|Any CPU
		{B1AD0CF8-E5ED-4FEC-997E-D12A59A3C03D}.Release|Any CPU.Build.0 = Release|Any CPU
		{836FF1F1-9125-4275-A581-745B9890415A}.Debug|Any CPU.ActiveCfg = Debug|Any CPU
		{836FF1F1-9125-4275-A581-745B9890415A}.Debug|Any CPU.Build.0 = Debug|Any CPU
		{836FF1F1-9125-4275-A581-745B9890415A}.Release|Any CPU.ActiveCfg = Release|Any CPU
		{836FF1F1-9125-4275-A581-745B9890415A}.Release|Any CPU.Build.0 = Release|Any CPU
		{5BBBC645-47DC-428A-8949-9EDB5C67530F}.Debug|Any CPU.ActiveCfg = Debug|Any CPU
		{5BBBC645-47DC-428A-8949-9EDB5C67530F}.Debug|Any CPU.Build.0 = Debug|Any CPU
		{5BBBC645-47DC-428A-8949-9EDB5C67530F}.Release|Any CPU.ActiveCfg = Release|Any CPU
		{5BBBC645-47DC-428A-8949-9EDB5C67530F}.Release|Any CPU.Build.0 = Release|Any CPU
		{BFB7BD01-9D11-4D1E-8417-A054F7D51230}.Debug|Any CPU.ActiveCfg = Debug|Any CPU
		{BFB7BD01-9D11-4D1E-8417-A054F7D51230}.Debug|Any CPU.Build.0 = Debug|Any CPU
		{BFB7BD01-9D11-4D1E-8417-A054F7D51230}.Release|Any CPU.ActiveCfg = Release|Any CPU
		{BFB7BD01-9D11-4D1E-8417-A054F7D51230}.Release|Any CPU.Build.0 = Release|Any CPU
		{2A6FEE9D-27A9-4E4F-BA38-BC673A0F8A7B}.Debug|Any CPU.ActiveCfg = Debug|Any CPU
		{2A6FEE9D-27A9-4E4F-BA38-BC673A0F8A7B}.Debug|Any CPU.Build.0 = Debug|Any CPU
		{2A6FEE9D-27A9-4E4F-BA38-BC673A0F8A7B}.Release|Any CPU.ActiveCfg = Release|Any CPU
		{2A6FEE9D-27A9-4E4F-BA38-BC673A0F8A7B}.Release|Any CPU.Build.0 = Release|Any CPU
		{DCCC0F3E-5A21-49FB-8FCC-8C21540131C8}.Debug|Any CPU.ActiveCfg = Debug|Any CPU
		{DCCC0F3E-5A21-49FB-8FCC-8C21540131C8}.Debug|Any CPU.Build.0 = Debug|Any CPU
		{DCCC0F3E-5A21-49FB-8FCC-8C21540131C8}.Release|Any CPU.ActiveCfg = Release|Any CPU
		{DCCC0F3E-5A21-49FB-8FCC-8C21540131C8}.Release|Any CPU.Build.0 = Release|Any CPU
		{072373EB-7449-47F2-8D5A-FE717C012B0D}.Debug|Any CPU.ActiveCfg = Debug|Any CPU
		{072373EB-7449-47F2-8D5A-FE717C012B0D}.Debug|Any CPU.Build.0 = Debug|Any CPU
		{072373EB-7449-47F2-8D5A-FE717C012B0D}.Release|Any CPU.ActiveCfg = Release|Any CPU
		{072373EB-7449-47F2-8D5A-FE717C012B0D}.Release|Any CPU.Build.0 = Release|Any CPU
		{12B81E92-AE99-4815-BC33-8AE5AEE70734}.Debug|Any CPU.ActiveCfg = Debug|Any CPU
		{12B81E92-AE99-4815-BC33-8AE5AEE70734}.Debug|Any CPU.Build.0 = Debug|Any CPU
		{12B81E92-AE99-4815-BC33-8AE5AEE70734}.Release|Any CPU.ActiveCfg = Release|Any CPU
		{12B81E92-AE99-4815-BC33-8AE5AEE70734}.Release|Any CPU.Build.0 = Release|Any CPU
		{3829FD86-CE97-43F7-B64E-3EFBF51E6B6E}.Debug|Any CPU.ActiveCfg = Debug|Any CPU
		{3829FD86-CE97-43F7-B64E-3EFBF51E6B6E}.Debug|Any CPU.Build.0 = Debug|Any CPU
		{3829FD86-CE97-43F7-B64E-3EFBF51E6B6E}.Release|Any CPU.ActiveCfg = Release|Any CPU
		{3829FD86-CE97-43F7-B64E-3EFBF51E6B6E}.Release|Any CPU.Build.0 = Release|Any CPU
		{B7C933C1-CBCD-4217-B1A4-7B44A58E55B6}.Debug|Any CPU.ActiveCfg = Debug|Any CPU
		{B7C933C1-CBCD-4217-B1A4-7B44A58E55B6}.Debug|Any CPU.Build.0 = Debug|Any CPU
		{B7C933C1-CBCD-4217-B1A4-7B44A58E55B6}.Release|Any CPU.ActiveCfg = Release|Any CPU
		{B7C933C1-CBCD-4217-B1A4-7B44A58E55B6}.Release|Any CPU.Build.0 = Release|Any CPU
		{1FE645D9-594A-423B-B05D-B6596AE672A0}.Debug|Any CPU.ActiveCfg = Debug|Any CPU
		{1FE645D9-594A-423B-B05D-B6596AE672A0}.Debug|Any CPU.Build.0 = Debug|Any CPU
		{1FE645D9-594A-423B-B05D-B6596AE672A0}.Release|Any CPU.ActiveCfg = Release|Any CPU
		{1FE645D9-594A-423B-B05D-B6596AE672A0}.Release|Any CPU.Build.0 = Release|Any CPU
		{72BC3BC7-865D-4EFF-86D2-CD11F41EF3AF}.Debug|Any CPU.ActiveCfg = Debug|Any CPU
		{72BC3BC7-865D-4EFF-86D2-CD11F41EF3AF}.Debug|Any CPU.Build.0 = Debug|Any CPU
		{72BC3BC7-865D-4EFF-86D2-CD11F41EF3AF}.Release|Any CPU.ActiveCfg = Release|Any CPU
		{72BC3BC7-865D-4EFF-86D2-CD11F41EF3AF}.Release|Any CPU.Build.0 = Release|Any CPU
		{2976C44C-7BB3-47D7-B924-DB53976ACEA1}.Debug|Any CPU.ActiveCfg = Debug|Any CPU
		{2976C44C-7BB3-47D7-B924-DB53976ACEA1}.Debug|Any CPU.Build.0 = Debug|Any CPU
		{2976C44C-7BB3-47D7-B924-DB53976ACEA1}.Release|Any CPU.ActiveCfg = Release|Any CPU
		{2976C44C-7BB3-47D7-B924-DB53976ACEA1}.Release|Any CPU.Build.0 = Release|Any CPU
		{FFF32140-3C97-4F31-B6EF-6666025A5EC4}.Debug|Any CPU.ActiveCfg = Debug|Any CPU
		{FFF32140-3C97-4F31-B6EF-6666025A5EC4}.Debug|Any CPU.Build.0 = Debug|Any CPU
		{FFF32140-3C97-4F31-B6EF-6666025A5EC4}.Release|Any CPU.ActiveCfg = Release|Any CPU
		{FFF32140-3C97-4F31-B6EF-6666025A5EC4}.Release|Any CPU.Build.0 = Release|Any CPU
		{C99B8C63-7925-4F3B-8D34-B6A0582C2FD0}.Debug|Any CPU.ActiveCfg = Debug|Any CPU
		{C99B8C63-7925-4F3B-8D34-B6A0582C2FD0}.Debug|Any CPU.Build.0 = Debug|Any CPU
		{C99B8C63-7925-4F3B-8D34-B6A0582C2FD0}.Release|Any CPU.ActiveCfg = Release|Any CPU
		{C99B8C63-7925-4F3B-8D34-B6A0582C2FD0}.Release|Any CPU.Build.0 = Release|Any CPU
		{7A8DABB5-878B-4457-915F-BAC0CB8DD5E9}.Debug|Any CPU.ActiveCfg = Debug|Any CPU
		{7A8DABB5-878B-4457-915F-BAC0CB8DD5E9}.Debug|Any CPU.Build.0 = Debug|Any CPU
		{7A8DABB5-878B-4457-915F-BAC0CB8DD5E9}.Release|Any CPU.ActiveCfg = Release|Any CPU
		{7A8DABB5-878B-4457-915F-BAC0CB8DD5E9}.Release|Any CPU.Build.0 = Release|Any CPU
		{F6371566-ECE8-4A56-B560-2C0676936675}.Debug|Any CPU.ActiveCfg = Debug|Any CPU
		{F6371566-ECE8-4A56-B560-2C0676936675}.Debug|Any CPU.Build.0 = Debug|Any CPU
		{F6371566-ECE8-4A56-B560-2C0676936675}.Release|Any CPU.ActiveCfg = Release|Any CPU
		{F6371566-ECE8-4A56-B560-2C0676936675}.Release|Any CPU.Build.0 = Release|Any CPU
		{0632F957-711D-4471-8A0E-6B23078C3053}.Debug|Any CPU.ActiveCfg = Debug|Any CPU
		{0632F957-711D-4471-8A0E-6B23078C3053}.Debug|Any CPU.Build.0 = Debug|Any CPU
		{0632F957-711D-4471-8A0E-6B23078C3053}.Release|Any CPU.ActiveCfg = Release|Any CPU
		{0632F957-711D-4471-8A0E-6B23078C3053}.Release|Any CPU.Build.0 = Release|Any CPU
		{4848F99C-2EB3-4CD0-91DA-2BA450A3D3AE}.Debug|Any CPU.ActiveCfg = Debug|Any CPU
		{4848F99C-2EB3-4CD0-91DA-2BA450A3D3AE}.Debug|Any CPU.Build.0 = Debug|Any CPU
		{4848F99C-2EB3-4CD0-91DA-2BA450A3D3AE}.Release|Any CPU.ActiveCfg = Release|Any CPU
		{4848F99C-2EB3-4CD0-91DA-2BA450A3D3AE}.Release|Any CPU.Build.0 = Release|Any CPU
		{1B14B1CB-F564-46BC-B674-78DD037A7DE0}.Debug|Any CPU.ActiveCfg = Debug|Any CPU
		{1B14B1CB-F564-46BC-B674-78DD037A7DE0}.Debug|Any CPU.Build.0 = Debug|Any CPU
		{1B14B1CB-F564-46BC-B674-78DD037A7DE0}.Release|Any CPU.ActiveCfg = Release|Any CPU
		{1B14B1CB-F564-46BC-B674-78DD037A7DE0}.Release|Any CPU.Build.0 = Release|Any CPU
	EndGlobalSection
	GlobalSection(NestedProjects) = preSolution
		{2F439A1C-E007-4B07-8861-F677C0D36E6D} = {D639058D-760E-401F-A1F6-2FEFC0774250}
		{4FEE9F2A-0AD1-4C60-8963-31343C839A0A} = {D639058D-760E-401F-A1F6-2FEFC0774250}
		{B1AD0CF8-E5ED-4FEC-997E-D12A59A3C03D} = {D639058D-760E-401F-A1F6-2FEFC0774250}
		{E431FE88-6A6B-42B3-BF4B-FFD4BC9BCC71} = {749216F2-8BBB-4CD0-8012-C9AD08004824}
		{836FF1F1-9125-4275-A581-745B9890415A} = {749216F2-8BBB-4CD0-8012-C9AD08004824}
		{5BBBC645-47DC-428A-8949-9EDB5C67530F} = {E431FE88-6A6B-42B3-BF4B-FFD4BC9BCC71}
		{BFB7BD01-9D11-4D1E-8417-A054F7D51230} = {D639058D-760E-401F-A1F6-2FEFC0774250}
		{2A6FEE9D-27A9-4E4F-BA38-BC673A0F8A7B} = {749216F2-8BBB-4CD0-8012-C9AD08004824}
		{DCCC0F3E-5A21-49FB-8FCC-8C21540131C8} = {749216F2-8BBB-4CD0-8012-C9AD08004824}
		{072373EB-7449-47F2-8D5A-FE717C012B0D} = {E431FE88-6A6B-42B3-BF4B-FFD4BC9BCC71}
		{2A87A656-7E1C-46B7-9413-FBB69216EEA6} = {D639058D-760E-401F-A1F6-2FEFC0774250}
		{12B81E92-AE99-4815-BC33-8AE5AEE70734} = {2A87A656-7E1C-46B7-9413-FBB69216EEA6}
		{3829FD86-CE97-43F7-B64E-3EFBF51E6B6E} = {749216F2-8BBB-4CD0-8012-C9AD08004824}
		{B7C933C1-CBCD-4217-B1A4-7B44A58E55B6} = {749216F2-8BBB-4CD0-8012-C9AD08004824}
		{1FE645D9-594A-423B-B05D-B6596AE672A0} = {E431FE88-6A6B-42B3-BF4B-FFD4BC9BCC71}
		{72BC3BC7-865D-4EFF-86D2-CD11F41EF3AF} = {E431FE88-6A6B-42B3-BF4B-FFD4BC9BCC71}
		{2976C44C-7BB3-47D7-B924-DB53976ACEA1} = {749216F2-8BBB-4CD0-8012-C9AD08004824}
		{FFF32140-3C97-4F31-B6EF-6666025A5EC4} = {2A87A656-7E1C-46B7-9413-FBB69216EEA6}
		{C99B8C63-7925-4F3B-8D34-B6A0582C2FD0} = {D639058D-760E-401F-A1F6-2FEFC0774250}
		{7A8DABB5-878B-4457-915F-BAC0CB8DD5E9} = {D639058D-760E-401F-A1F6-2FEFC0774250}
		{F6371566-ECE8-4A56-B560-2C0676936675} = {749216F2-8BBB-4CD0-8012-C9AD08004824}
		{0632F957-711D-4471-8A0E-6B23078C3053} = {D639058D-760E-401F-A1F6-2FEFC0774250}
		{4848F99C-2EB3-4CD0-91DA-2BA450A3D3AE} = {D639058D-760E-401F-A1F6-2FEFC0774250}
		{1B14B1CB-F564-46BC-B674-78DD037A7DE0} = {D639058D-760E-401F-A1F6-2FEFC0774250}
	EndGlobalSection
EndGlobal
